// !$*UTF8*$!
{
	archiveVersion = 1;
	classes = {
	};
	objectVersion = 56;
	objects = {

/* Begin PBXBuildFile section */
		7A35AC4E29D25EBC00F8C33F /* frame_007_delay.jpg in Resources */ = {isa = PBXBuildFile; fileRef = 7A35ABBA29D25EAB00F8C33F /* frame_007_delay.jpg */; };
		7A35AC6729D25EBC00F8C33F /* frame_011_delay.jpg in Resources */ = {isa = PBXBuildFile; fileRef = 7A35ABD329D25EAD00F8C33F /* frame_011_delay.jpg */; };
		7A35AC6D29D25EBC00F8C33F /* frame_012_delay.jpg in Resources */ = {isa = PBXBuildFile; fileRef = 7A35ABD929D25EAD00F8C33F /* frame_012_delay.jpg */; };
		7A35AC7529D25EBC00F8C33F /* frame_008_delay.jpg in Resources */ = {isa = PBXBuildFile; fileRef = 7A35ABE129D25EAE00F8C33F /* frame_008_delay.jpg */; };
		7A35AC7729D25EBC00F8C33F /* frame_013_delay.jpg in Resources */ = {isa = PBXBuildFile; fileRef = 7A35ABE329D25EAE00F8C33F /* frame_013_delay.jpg */; };
		7A35AC8429D25EBC00F8C33F /* frame_015_delay.jpg in Resources */ = {isa = PBXBuildFile; fileRef = 7A35ABF029D25EAF00F8C33F /* frame_015_delay.jpg */; };
		7A35AC9629D25EBC00F8C33F /* frame_004_delay.jpg in Resources */ = {isa = PBXBuildFile; fileRef = 7A35AC0229D25EB100F8C33F /* frame_004_delay.jpg */; };
		7A35AC9929D25EBC00F8C33F /* frame_005_delay.jpg in Resources */ = {isa = PBXBuildFile; fileRef = 7A35AC0529D25EB100F8C33F /* frame_005_delay.jpg */; };
		7A35ACA929D25EBC00F8C33F /* frame_009_delay.jpg in Resources */ = {isa = PBXBuildFile; fileRef = 7A35AC1529D25EB300F8C33F /* frame_009_delay.jpg */; };
		7A35ACAD29D25EBC00F8C33F /* frame_010_delay.jpg in Resources */ = {isa = PBXBuildFile; fileRef = 7A35AC1929D25EB400F8C33F /* frame_010_delay.jpg */; };
		7A35ACB529D25EBC00F8C33F /* frame_014_delay.jpg in Resources */ = {isa = PBXBuildFile; fileRef = 7A35AC2129D25EB500F8C33F /* frame_014_delay.jpg */; };
		7A35ACBD29D25EBC00F8C33F /* frame_002_delay.jpg in Resources */ = {isa = PBXBuildFile; fileRef = 7A35AC2929D25EB600F8C33F /* frame_002_delay.jpg */; };
		7A35ACC529D25EBC00F8C33F /* frame_000_delay.jpg in Resources */ = {isa = PBXBuildFile; fileRef = 7A35AC3129D25EB800F8C33F /* frame_000_delay.jpg */; };
		7A35ACC929D25EBC00F8C33F /* frame_001_delay.jpg in Resources */ = {isa = PBXBuildFile; fileRef = 7A35AC3529D25EB900F8C33F /* frame_001_delay.jpg */; };
		7A35ACCA29D25EBC00F8C33F /* frame_003_delay.jpg in Resources */ = {isa = PBXBuildFile; fileRef = 7A35AC3629D25EB900F8C33F /* frame_003_delay.jpg */; };
		7A35ACCF29D25EBC00F8C33F /* frame_006_delay.jpg in Resources */ = {isa = PBXBuildFile; fileRef = 7A35AC3B29D25EBA00F8C33F /* frame_006_delay.jpg */; };
		7AD4FA3929CF490400BB7AAD /* AppDelegate.swift in Sources */ = {isa = PBXBuildFile; fileRef = 7AD4FA3829CF490400BB7AAD /* AppDelegate.swift */; };
		7AD4FA3B29CF490400BB7AAD /* SceneDelegate.swift in Sources */ = {isa = PBXBuildFile; fileRef = 7AD4FA3A29CF490400BB7AAD /* SceneDelegate.swift */; };
		7AD4FA3D29CF490400BB7AAD /* ViewController.swift in Sources */ = {isa = PBXBuildFile; fileRef = 7AD4FA3C29CF490400BB7AAD /* ViewController.swift */; };
		7AD4FA4029CF490400BB7AAD /* Main.storyboard in Resources */ = {isa = PBXBuildFile; fileRef = 7AD4FA3E29CF490400BB7AAD /* Main.storyboard */; };
		7AD4FA4229CF490600BB7AAD /* Assets.xcassets in Resources */ = {isa = PBXBuildFile; fileRef = 7AD4FA4129CF490600BB7AAD /* Assets.xcassets */; };
		7AD4FA4529CF490600BB7AAD /* LaunchScreen.storyboard in Resources */ = {isa = PBXBuildFile; fileRef = 7AD4FA4329CF490600BB7AAD /* LaunchScreen.storyboard */; };
		7AD4FA6C29D0798600BB7AAD /* gif_projectTests.swift in Sources */ = {isa = PBXBuildFile; fileRef = 7AD4FA6B29D0798600BB7AAD /* gif_projectTests.swift */; };
		7AD4FA7929D08A6D00BB7AAD /* gif_projectUITests.swift in Sources */ = {isa = PBXBuildFile; fileRef = 7AD4FA7829D08A6D00BB7AAD /* gif_projectUITests.swift */; };
		7AD4FA7B29D08A6D00BB7AAD /* gif_projectUITestsLaunchTests.swift in Sources */ = {isa = PBXBuildFile; fileRef = 7AD4FA7A29D08A6D00BB7AAD /* gif_projectUITestsLaunchTests.swift */; };
		7AD4FA8229D08B2A00BB7AAD /* SnapshotHelper.swift in Sources */ = {isa = PBXBuildFile; fileRef = 7AD4FA8129D08B2A00BB7AAD /* SnapshotHelper.swift */; };
/* End PBXBuildFile section */

/* Begin PBXContainerItemProxy section */
		7AD4FA6D29D0798600BB7AAD /* PBXContainerItemProxy */ = {
			isa = PBXContainerItemProxy;
			containerPortal = 7AD4FA2D29CF490300BB7AAD /* Project object */;
			proxyType = 1;
			remoteGlobalIDString = 7AD4FA3429CF490300BB7AAD;
			remoteInfo = gif_project;
		};
		7AD4FA7C29D08A6D00BB7AAD /* PBXContainerItemProxy */ = {
			isa = PBXContainerItemProxy;
			containerPortal = 7AD4FA2D29CF490300BB7AAD /* Project object */;
			proxyType = 1;
			remoteGlobalIDString = 7AD4FA3429CF490300BB7AAD;
			remoteInfo = gif_project;
		};
/* End PBXContainerItemProxy section */

/* Begin PBXFileReference section */
		7A35ABBA29D25EAB00F8C33F /* frame_007_delay.jpg */ = {isa = PBXFileReference; lastKnownFileType = image.jpeg; path = frame_007_delay.jpg; sourceTree = "<group>"; };
		7A35ABD329D25EAD00F8C33F /* frame_011_delay.jpg */ = {isa = PBXFileReference; lastKnownFileType = image.jpeg; path = frame_011_delay.jpg; sourceTree = "<group>"; };
		7A35ABD929D25EAD00F8C33F /* frame_012_delay.jpg */ = {isa = PBXFileReference; lastKnownFileType = image.jpeg; path = frame_012_delay.jpg; sourceTree = "<group>"; };
		7A35ABE129D25EAE00F8C33F /* frame_008_delay.jpg */ = {isa = PBXFileReference; lastKnownFileType = image.jpeg; path = frame_008_delay.jpg; sourceTree = "<group>"; };
		7A35ABE329D25EAE00F8C33F /* frame_013_delay.jpg */ = {isa = PBXFileReference; lastKnownFileType = image.jpeg; path = frame_013_delay.jpg; sourceTree = "<group>"; };
		7A35ABF029D25EAF00F8C33F /* frame_015_delay.jpg */ = {isa = PBXFileReference; lastKnownFileType = image.jpeg; path = frame_015_delay.jpg; sourceTree = "<group>"; };
		7A35AC0229D25EB100F8C33F /* frame_004_delay.jpg */ = {isa = PBXFileReference; lastKnownFileType = image.jpeg; path = frame_004_delay.jpg; sourceTree = "<group>"; };
		7A35AC0529D25EB100F8C33F /* frame_005_delay.jpg */ = {isa = PBXFileReference; lastKnownFileType = image.jpeg; path = frame_005_delay.jpg; sourceTree = "<group>"; };
		7A35AC1529D25EB300F8C33F /* frame_009_delay.jpg */ = {isa = PBXFileReference; lastKnownFileType = image.jpeg; path = frame_009_delay.jpg; sourceTree = "<group>"; };
		7A35AC1929D25EB400F8C33F /* frame_010_delay.jpg */ = {isa = PBXFileReference; lastKnownFileType = image.jpeg; path = frame_010_delay.jpg; sourceTree = "<group>"; };
		7A35AC2129D25EB500F8C33F /* frame_014_delay.jpg */ = {isa = PBXFileReference; lastKnownFileType = image.jpeg; path = frame_014_delay.jpg; sourceTree = "<group>"; };
		7A35AC2929D25EB600F8C33F /* frame_002_delay.jpg */ = {isa = PBXFileReference; lastKnownFileType = image.jpeg; path = frame_002_delay.jpg; sourceTree = "<group>"; };
		7A35AC3129D25EB800F8C33F /* frame_000_delay.jpg */ = {isa = PBXFileReference; lastKnownFileType = image.jpeg; path = frame_000_delay.jpg; sourceTree = "<group>"; };
		7A35AC3529D25EB900F8C33F /* frame_001_delay.jpg */ = {isa = PBXFileReference; lastKnownFileType = image.jpeg; path = frame_001_delay.jpg; sourceTree = "<group>"; };
		7A35AC3629D25EB900F8C33F /* frame_003_delay.jpg */ = {isa = PBXFileReference; lastKnownFileType = image.jpeg; path = frame_003_delay.jpg; sourceTree = "<group>"; };
		7A35AC3B29D25EBA00F8C33F /* frame_006_delay.jpg */ = {isa = PBXFileReference; lastKnownFileType = image.jpeg; path = frame_006_delay.jpg; sourceTree = "<group>"; };
		7AD4FA3529CF490300BB7AAD /* gif_project.app */ = {isa = PBXFileReference; explicitFileType = wrapper.application; includeInIndex = 0; path = gif_project.app; sourceTree = BUILT_PRODUCTS_DIR; };
		7AD4FA3829CF490400BB7AAD /* AppDelegate.swift */ = {isa = PBXFileReference; lastKnownFileType = sourcecode.swift; path = AppDelegate.swift; sourceTree = "<group>"; };
		7AD4FA3A29CF490400BB7AAD /* SceneDelegate.swift */ = {isa = PBXFileReference; lastKnownFileType = sourcecode.swift; path = SceneDelegate.swift; sourceTree = "<group>"; };
		7AD4FA3C29CF490400BB7AAD /* ViewController.swift */ = {isa = PBXFileReference; lastKnownFileType = sourcecode.swift; path = ViewController.swift; sourceTree = "<group>"; };
		7AD4FA3F29CF490400BB7AAD /* Base */ = {isa = PBXFileReference; lastKnownFileType = file.storyboard; name = Base; path = Base.lproj/Main.storyboard; sourceTree = "<group>"; };
		7AD4FA4129CF490600BB7AAD /* Assets.xcassets */ = {isa = PBXFileReference; lastKnownFileType = folder.assetcatalog; path = Assets.xcassets; sourceTree = "<group>"; };
		7AD4FA4429CF490600BB7AAD /* Base */ = {isa = PBXFileReference; lastKnownFileType = file.storyboard; name = Base; path = Base.lproj/LaunchScreen.storyboard; sourceTree = "<group>"; };
		7AD4FA4629CF490600BB7AAD /* Info.plist */ = {isa = PBXFileReference; lastKnownFileType = text.plist.xml; path = Info.plist; sourceTree = "<group>"; };
		7AD4FA6929D0798600BB7AAD /* gif_projectTests.xctest */ = {isa = PBXFileReference; explicitFileType = wrapper.cfbundle; includeInIndex = 0; path = gif_projectTests.xctest; sourceTree = BUILT_PRODUCTS_DIR; };
		7AD4FA6B29D0798600BB7AAD /* gif_projectTests.swift */ = {isa = PBXFileReference; lastKnownFileType = sourcecode.swift; path = gif_projectTests.swift; sourceTree = "<group>"; };
		7AD4FA7629D08A6D00BB7AAD /* gif_projectUITests.xctest */ = {isa = PBXFileReference; explicitFileType = wrapper.cfbundle; includeInIndex = 0; path = gif_projectUITests.xctest; sourceTree = BUILT_PRODUCTS_DIR; };
		7AD4FA7829D08A6D00BB7AAD /* gif_projectUITests.swift */ = {isa = PBXFileReference; lastKnownFileType = sourcecode.swift; path = gif_projectUITests.swift; sourceTree = "<group>"; };
		7AD4FA7A29D08A6D00BB7AAD /* gif_projectUITestsLaunchTests.swift */ = {isa = PBXFileReference; lastKnownFileType = sourcecode.swift; path = gif_projectUITestsLaunchTests.swift; sourceTree = "<group>"; };
		7AD4FA8129D08B2A00BB7AAD /* SnapshotHelper.swift */ = {isa = PBXFileReference; fileEncoding = 4; lastKnownFileType = sourcecode.swift; name = SnapshotHelper.swift; path = fastlane/SnapshotHelper.swift; sourceTree = SOURCE_ROOT; };
/* End PBXFileReference section */

/* Begin PBXFrameworksBuildPhase section */
		7AD4FA3229CF490300BB7AAD /* Frameworks */ = {
			isa = PBXFrameworksBuildPhase;
			buildActionMask = 2147483647;
			files = (
			);
			runOnlyForDeploymentPostprocessing = 0;
		};
		7AD4FA6629D0798600BB7AAD /* Frameworks */ = {
			isa = PBXFrameworksBuildPhase;
			buildActionMask = 2147483647;
			files = (
			);
			runOnlyForDeploymentPostprocessing = 0;
		};
		7AD4FA7329D08A6D00BB7AAD /* Frameworks */ = {
			isa = PBXFrameworksBuildPhase;
			buildActionMask = 2147483647;
			files = (
			);
			runOnlyForDeploymentPostprocessing = 0;
		};
/* End PBXFrameworksBuildPhase section */

/* Begin PBXGroup section */
		7AD4FA2C29CF490300BB7AAD = {
			isa = PBXGroup;
			children = (
				7AD4FA3729CF490300BB7AAD /* gif_project */,
				7AD4FA6A29D0798600BB7AAD /* gif_projectTests */,
				7AD4FA7729D08A6D00BB7AAD /* gif_projectUITests */,
				7AD4FA3629CF490300BB7AAD /* Products */,
			);
			sourceTree = "<group>";
		};
		7AD4FA3629CF490300BB7AAD /* Products */ = {
			isa = PBXGroup;
			children = (
				7AD4FA3529CF490300BB7AAD /* gif_project.app */,
				7AD4FA6929D0798600BB7AAD /* gif_projectTests.xctest */,
				7AD4FA7629D08A6D00BB7AAD /* gif_projectUITests.xctest */,
			);
			name = Products;
			sourceTree = "<group>";
		};
		7AD4FA3729CF490300BB7AAD /* gif_project */ = {
			isa = PBXGroup;
			children = (
				7AD4FA4C29CF52C200BB7AAD /* image */,
				7AD4FA3829CF490400BB7AAD /* AppDelegate.swift */,
				7AD4FA3A29CF490400BB7AAD /* SceneDelegate.swift */,
				7AD4FA3C29CF490400BB7AAD /* ViewController.swift */,
				7AD4FA3E29CF490400BB7AAD /* Main.storyboard */,
				7AD4FA4129CF490600BB7AAD /* Assets.xcassets */,
				7AD4FA4329CF490600BB7AAD /* LaunchScreen.storyboard */,
				7AD4FA4629CF490600BB7AAD /* Info.plist */,
			);
			path = gif_project;
			sourceTree = "<group>";
		};
		7AD4FA4C29CF52C200BB7AAD /* image */ = {
			isa = PBXGroup;
			children = (
				7A35AC3129D25EB800F8C33F /* frame_000_delay.jpg */,
				7A35AC3529D25EB900F8C33F /* frame_001_delay.jpg */,
				7A35AC2929D25EB600F8C33F /* frame_002_delay.jpg */,
				7A35AC3629D25EB900F8C33F /* frame_003_delay.jpg */,
				7A35AC0229D25EB100F8C33F /* frame_004_delay.jpg */,
				7A35AC0529D25EB100F8C33F /* frame_005_delay.jpg */,
				7A35AC3B29D25EBA00F8C33F /* frame_006_delay.jpg */,
				7A35ABBA29D25EAB00F8C33F /* frame_007_delay.jpg */,
				7A35ABE129D25EAE00F8C33F /* frame_008_delay.jpg */,
				7A35AC1529D25EB300F8C33F /* frame_009_delay.jpg */,
				7A35AC1929D25EB400F8C33F /* frame_010_delay.jpg */,
				7A35ABD329D25EAD00F8C33F /* frame_011_delay.jpg */,
				7A35ABD929D25EAD00F8C33F /* frame_012_delay.jpg */,
				7A35ABE329D25EAE00F8C33F /* frame_013_delay.jpg */,
				7A35AC2129D25EB500F8C33F /* frame_014_delay.jpg */,
				7A35ABF029D25EAF00F8C33F /* frame_015_delay.jpg */,
			);
			path = image;
			sourceTree = "<group>";
		};
		7AD4FA6A29D0798600BB7AAD /* gif_projectTests */ = {
			isa = PBXGroup;
			children = (
				7AD4FA6B29D0798600BB7AAD /* gif_projectTests.swift */,
			);
			path = gif_projectTests;
			sourceTree = "<group>";
		};
		7AD4FA7729D08A6D00BB7AAD /* gif_projectUITests */ = {
			isa = PBXGroup;
			children = (
				7AD4FA8129D08B2A00BB7AAD /* SnapshotHelper.swift */,
				7AD4FA7829D08A6D00BB7AAD /* gif_projectUITests.swift */,
				7AD4FA7A29D08A6D00BB7AAD /* gif_projectUITestsLaunchTests.swift */,
			);
			path = gif_projectUITests;
			sourceTree = "<group>";
		};
/* End PBXGroup section */

/* Begin PBXNativeTarget section */
		7AD4FA3429CF490300BB7AAD /* gif_project */ = {
			isa = PBXNativeTarget;
			buildConfigurationList = 7AD4FA4929CF490600BB7AAD /* Build configuration list for PBXNativeTarget "gif_project" */;
			buildPhases = (
				7AD4FA3129CF490300BB7AAD /* Sources */,
				7AD4FA3229CF490300BB7AAD /* Frameworks */,
				7AD4FA3329CF490300BB7AAD /* Resources */,
			);
			buildRules = (
			);
			dependencies = (
			);
			name = gif_project;
			productName = gif_project;
			productReference = 7AD4FA3529CF490300BB7AAD /* gif_project.app */;
			productType = "com.apple.product-type.application";
		};
		7AD4FA6829D0798600BB7AAD /* gif_projectTests */ = {
			isa = PBXNativeTarget;
			buildConfigurationList = 7AD4FA6F29D0798600BB7AAD /* Build configuration list for PBXNativeTarget "gif_projectTests" */;
			buildPhases = (
				7AD4FA6529D0798600BB7AAD /* Sources */,
				7AD4FA6629D0798600BB7AAD /* Frameworks */,
				7AD4FA6729D0798600BB7AAD /* Resources */,
			);
			buildRules = (
			);
			dependencies = (
				7AD4FA6E29D0798600BB7AAD /* PBXTargetDependency */,
			);
			name = gif_projectTests;
			productName = gif_projectTests;
			productReference = 7AD4FA6929D0798600BB7AAD /* gif_projectTests.xctest */;
			productType = "com.apple.product-type.bundle.unit-test";
		};
		7AD4FA7529D08A6D00BB7AAD /* gif_projectUITests */ = {
			isa = PBXNativeTarget;
			buildConfigurationList = 7AD4FA8029D08A6D00BB7AAD /* Build configuration list for PBXNativeTarget "gif_projectUITests" */;
			buildPhases = (
				7AD4FA7229D08A6D00BB7AAD /* Sources */,
				7AD4FA7329D08A6D00BB7AAD /* Frameworks */,
				7AD4FA7429D08A6D00BB7AAD /* Resources */,
			);
			buildRules = (
			);
			dependencies = (
				7AD4FA7D29D08A6D00BB7AAD /* PBXTargetDependency */,
			);
			name = gif_projectUITests;
			productName = gif_projectUITests;
			productReference = 7AD4FA7629D08A6D00BB7AAD /* gif_projectUITests.xctest */;
			productType = "com.apple.product-type.bundle.ui-testing";
		};
/* End PBXNativeTarget section */

/* Begin PBXProject section */
		7AD4FA2D29CF490300BB7AAD /* Project object */ = {
			isa = PBXProject;
			attributes = {
				BuildIndependentTargetsInParallel = 1;
				LastSwiftUpdateCheck = 1400;
				LastUpgradeCheck = 1400;
				TargetAttributes = {
					7AD4FA3429CF490300BB7AAD = {
						CreatedOnToolsVersion = 14.0.1;
					};
					7AD4FA6829D0798600BB7AAD = {
						CreatedOnToolsVersion = 14.0.1;
						TestTargetID = 7AD4FA3429CF490300BB7AAD;
					};
					7AD4FA7529D08A6D00BB7AAD = {
						CreatedOnToolsVersion = 14.0.1;
						TestTargetID = 7AD4FA3429CF490300BB7AAD;
					};
				};
			};
			buildConfigurationList = 7AD4FA3029CF490300BB7AAD /* Build configuration list for PBXProject "gif_project" */;
			compatibilityVersion = "Xcode 14.0";
			developmentRegion = en;
			hasScannedForEncodings = 0;
			knownRegions = (
				en,
				Base,
			);
			mainGroup = 7AD4FA2C29CF490300BB7AAD;
			productRefGroup = 7AD4FA3629CF490300BB7AAD /* Products */;
			projectDirPath = "";
			projectRoot = "";
			targets = (
				7AD4FA3429CF490300BB7AAD /* gif_project */,
				7AD4FA6829D0798600BB7AAD /* gif_projectTests */,
				7AD4FA7529D08A6D00BB7AAD /* gif_projectUITests */,
			);
		};
/* End PBXProject section */

/* Begin PBXResourcesBuildPhase section */
		7AD4FA3329CF490300BB7AAD /* Resources */ = {
			isa = PBXResourcesBuildPhase;
			buildActionMask = 2147483647;
			files = (
				7A35AC8429D25EBC00F8C33F /* frame_015_delay.jpg in Resources */,
				7A35ACCF29D25EBC00F8C33F /* frame_006_delay.jpg in Resources */,
				7A35ACBD29D25EBC00F8C33F /* frame_002_delay.jpg in Resources */,
				7A35AC9929D25EBC00F8C33F /* frame_005_delay.jpg in Resources */,
				7A35AC9629D25EBC00F8C33F /* frame_004_delay.jpg in Resources */,
				7A35AC6D29D25EBC00F8C33F /* frame_012_delay.jpg in Resources */,
				7A35AC4E29D25EBC00F8C33F /* frame_007_delay.jpg in Resources */,
				7AD4FA4529CF490600BB7AAD /* LaunchScreen.storyboard in Resources */,
				7AD4FA4229CF490600BB7AAD /* Assets.xcassets in Resources */,
				7A35ACAD29D25EBC00F8C33F /* frame_010_delay.jpg in Resources */,
				7A35AC7729D25EBC00F8C33F /* frame_013_delay.jpg in Resources */,
				7A35ACC529D25EBC00F8C33F /* frame_000_delay.jpg in Resources */,
				7A35ACA929D25EBC00F8C33F /* frame_009_delay.jpg in Resources */,
				7A35ACC929D25EBC00F8C33F /* frame_001_delay.jpg in Resources */,
				7AD4FA4029CF490400BB7AAD /* Main.storyboard in Resources */,
				7A35AC7529D25EBC00F8C33F /* frame_008_delay.jpg in Resources */,
				7A35AC6729D25EBC00F8C33F /* frame_011_delay.jpg in Resources */,
				7A35ACB529D25EBC00F8C33F /* frame_014_delay.jpg in Resources */,
				7A35ACCA29D25EBC00F8C33F /* frame_003_delay.jpg in Resources */,
			);
			runOnlyForDeploymentPostprocessing = 0;
		};
		7AD4FA6729D0798600BB7AAD /* Resources */ = {
			isa = PBXResourcesBuildPhase;
			buildActionMask = 2147483647;
			files = (
			);
			runOnlyForDeploymentPostprocessing = 0;
		};
		7AD4FA7429D08A6D00BB7AAD /* Resources */ = {
			isa = PBXResourcesBuildPhase;
			buildActionMask = 2147483647;
			files = (
			);
			runOnlyForDeploymentPostprocessing = 0;
		};
/* End PBXResourcesBuildPhase section */

/* Begin PBXSourcesBuildPhase section */
		7AD4FA3129CF490300BB7AAD /* Sources */ = {
			isa = PBXSourcesBuildPhase;
			buildActionMask = 2147483647;
			files = (
				7AD4FA3D29CF490400BB7AAD /* ViewController.swift in Sources */,
				7AD4FA3929CF490400BB7AAD /* AppDelegate.swift in Sources */,
				7AD4FA3B29CF490400BB7AAD /* SceneDelegate.swift in Sources */,
			);
			runOnlyForDeploymentPostprocessing = 0;
		};
		7AD4FA6529D0798600BB7AAD /* Sources */ = {
			isa = PBXSourcesBuildPhase;
			buildActionMask = 2147483647;
			files = (
				7AD4FA6C29D0798600BB7AAD /* gif_projectTests.swift in Sources */,
			);
			runOnlyForDeploymentPostprocessing = 0;
		};
		7AD4FA7229D08A6D00BB7AAD /* Sources */ = {
			isa = PBXSourcesBuildPhase;
			buildActionMask = 2147483647;
			files = (
				7AD4FA7929D08A6D00BB7AAD /* gif_projectUITests.swift in Sources */,
				7AD4FA7B29D08A6D00BB7AAD /* gif_projectUITestsLaunchTests.swift in Sources */,
				7AD4FA8229D08B2A00BB7AAD /* SnapshotHelper.swift in Sources */,
			);
			runOnlyForDeploymentPostprocessing = 0;
		};
/* End PBXSourcesBuildPhase section */

/* Begin PBXTargetDependency section */
		7AD4FA6E29D0798600BB7AAD /* PBXTargetDependency */ = {
			isa = PBXTargetDependency;
			target = 7AD4FA3429CF490300BB7AAD /* gif_project */;
			targetProxy = 7AD4FA6D29D0798600BB7AAD /* PBXContainerItemProxy */;
		};
		7AD4FA7D29D08A6D00BB7AAD /* PBXTargetDependency */ = {
			isa = PBXTargetDependency;
			target = 7AD4FA3429CF490300BB7AAD /* gif_project */;
			targetProxy = 7AD4FA7C29D08A6D00BB7AAD /* PBXContainerItemProxy */;
		};
/* End PBXTargetDependency section */

/* Begin PBXVariantGroup section */
		7AD4FA3E29CF490400BB7AAD /* Main.storyboard */ = {
			isa = PBXVariantGroup;
			children = (
				7AD4FA3F29CF490400BB7AAD /* Base */,
			);
			name = Main.storyboard;
			sourceTree = "<group>";
		};
		7AD4FA4329CF490600BB7AAD /* LaunchScreen.storyboard */ = {
			isa = PBXVariantGroup;
			children = (
				7AD4FA4429CF490600BB7AAD /* Base */,
			);
			name = LaunchScreen.storyboard;
			sourceTree = "<group>";
		};
/* End PBXVariantGroup section */

/* Begin XCBuildConfiguration section */
		7AD4FA4729CF490600BB7AAD /* Debug */ = {
			isa = XCBuildConfiguration;
			buildSettings = {
				ALWAYS_SEARCH_USER_PATHS = NO;
				CLANG_ANALYZER_NONNULL = YES;
				CLANG_ANALYZER_NUMBER_OBJECT_CONVERSION = YES_AGGRESSIVE;
				CLANG_CXX_LANGUAGE_STANDARD = "gnu++20";
				CLANG_ENABLE_MODULES = YES;
				CLANG_ENABLE_OBJC_ARC = YES;
				CLANG_ENABLE_OBJC_WEAK = YES;
				CLANG_WARN_BLOCK_CAPTURE_AUTORELEASING = YES;
				CLANG_WARN_BOOL_CONVERSION = YES;
				CLANG_WARN_COMMA = YES;
				CLANG_WARN_CONSTANT_CONVERSION = YES;
				CLANG_WARN_DEPRECATED_OBJC_IMPLEMENTATIONS = YES;
				CLANG_WARN_DIRECT_OBJC_ISA_USAGE = YES_ERROR;
				CLANG_WARN_DOCUMENTATION_COMMENTS = YES;
				CLANG_WARN_EMPTY_BODY = YES;
				CLANG_WARN_ENUM_CONVERSION = YES;
				CLANG_WARN_INFINITE_RECURSION = YES;
				CLANG_WARN_INT_CONVERSION = YES;
				CLANG_WARN_NON_LITERAL_NULL_CONVERSION = YES;
				CLANG_WARN_OBJC_IMPLICIT_RETAIN_SELF = YES;
				CLANG_WARN_OBJC_LITERAL_CONVERSION = YES;
				CLANG_WARN_OBJC_ROOT_CLASS = YES_ERROR;
				CLANG_WARN_QUOTED_INCLUDE_IN_FRAMEWORK_HEADER = YES;
				CLANG_WARN_RANGE_LOOP_ANALYSIS = YES;
				CLANG_WARN_STRICT_PROTOTYPES = YES;
				CLANG_WARN_SUSPICIOUS_MOVE = YES;
				CLANG_WARN_UNGUARDED_AVAILABILITY = YES_AGGRESSIVE;
				CLANG_WARN_UNREACHABLE_CODE = YES;
				CLANG_WARN__DUPLICATE_METHOD_MATCH = YES;
				COPY_PHASE_STRIP = NO;
				DEBUG_INFORMATION_FORMAT = dwarf;
				ENABLE_STRICT_OBJC_MSGSEND = YES;
				ENABLE_TESTABILITY = YES;
				GCC_C_LANGUAGE_STANDARD = gnu11;
				GCC_DYNAMIC_NO_PIC = NO;
				GCC_NO_COMMON_BLOCKS = YES;
				GCC_OPTIMIZATION_LEVEL = 0;
				GCC_PREPROCESSOR_DEFINITIONS = (
					"DEBUG=1",
					"$(inherited)",
				);
				GCC_WARN_64_TO_32_BIT_CONVERSION = YES;
				GCC_WARN_ABOUT_RETURN_TYPE = YES_ERROR;
				GCC_WARN_UNDECLARED_SELECTOR = YES;
				GCC_WARN_UNINITIALIZED_AUTOS = YES_AGGRESSIVE;
				GCC_WARN_UNUSED_FUNCTION = YES;
				GCC_WARN_UNUSED_VARIABLE = YES;
				IPHONEOS_DEPLOYMENT_TARGET = 16.0;
				MTL_ENABLE_DEBUG_INFO = INCLUDE_SOURCE;
				MTL_FAST_MATH = YES;
				ONLY_ACTIVE_ARCH = YES;
				SDKROOT = iphoneos;
				SWIFT_ACTIVE_COMPILATION_CONDITIONS = DEBUG;
				SWIFT_OPTIMIZATION_LEVEL = "-Onone";
			};
			name = Debug;
		};
		7AD4FA4829CF490600BB7AAD /* Release */ = {
			isa = XCBuildConfiguration;
			buildSettings = {
				ALWAYS_SEARCH_USER_PATHS = NO;
				CLANG_ANALYZER_NONNULL = YES;
				CLANG_ANALYZER_NUMBER_OBJECT_CONVERSION = YES_AGGRESSIVE;
				CLANG_CXX_LANGUAGE_STANDARD = "gnu++20";
				CLANG_ENABLE_MODULES = YES;
				CLANG_ENABLE_OBJC_ARC = YES;
				CLANG_ENABLE_OBJC_WEAK = YES;
				CLANG_WARN_BLOCK_CAPTURE_AUTORELEASING = YES;
				CLANG_WARN_BOOL_CONVERSION = YES;
				CLANG_WARN_COMMA = YES;
				CLANG_WARN_CONSTANT_CONVERSION = YES;
				CLANG_WARN_DEPRECATED_OBJC_IMPLEMENTATIONS = YES;
				CLANG_WARN_DIRECT_OBJC_ISA_USAGE = YES_ERROR;
				CLANG_WARN_DOCUMENTATION_COMMENTS = YES;
				CLANG_WARN_EMPTY_BODY = YES;
				CLANG_WARN_ENUM_CONVERSION = YES;
				CLANG_WARN_INFINITE_RECURSION = YES;
				CLANG_WARN_INT_CONVERSION = YES;
				CLANG_WARN_NON_LITERAL_NULL_CONVERSION = YES;
				CLANG_WARN_OBJC_IMPLICIT_RETAIN_SELF = YES;
				CLANG_WARN_OBJC_LITERAL_CONVERSION = YES;
				CLANG_WARN_OBJC_ROOT_CLASS = YES_ERROR;
				CLANG_WARN_QUOTED_INCLUDE_IN_FRAMEWORK_HEADER = YES;
				CLANG_WARN_RANGE_LOOP_ANALYSIS = YES;
				CLANG_WARN_STRICT_PROTOTYPES = YES;
				CLANG_WARN_SUSPICIOUS_MOVE = YES;
				CLANG_WARN_UNGUARDED_AVAILABILITY = YES_AGGRESSIVE;
				CLANG_WARN_UNREACHABLE_CODE = YES;
				CLANG_WARN__DUPLICATE_METHOD_MATCH = YES;
				COPY_PHASE_STRIP = NO;
				DEBUG_INFORMATION_FORMAT = "dwarf-with-dsym";
				ENABLE_NS_ASSERTIONS = NO;
				ENABLE_STRICT_OBJC_MSGSEND = YES;
				GCC_C_LANGUAGE_STANDARD = gnu11;
				GCC_NO_COMMON_BLOCKS = YES;
				GCC_WARN_64_TO_32_BIT_CONVERSION = YES;
				GCC_WARN_ABOUT_RETURN_TYPE = YES_ERROR;
				GCC_WARN_UNDECLARED_SELECTOR = YES;
				GCC_WARN_UNINITIALIZED_AUTOS = YES_AGGRESSIVE;
				GCC_WARN_UNUSED_FUNCTION = YES;
				GCC_WARN_UNUSED_VARIABLE = YES;
				IPHONEOS_DEPLOYMENT_TARGET = 16.0;
				MTL_ENABLE_DEBUG_INFO = NO;
				MTL_FAST_MATH = YES;
				SDKROOT = iphoneos;
				SWIFT_COMPILATION_MODE = wholemodule;
				SWIFT_OPTIMIZATION_LEVEL = "-O";
				VALIDATE_PRODUCT = YES;
			};
			name = Release;
		};
		7AD4FA4A29CF490600BB7AAD /* Debug */ = {
			isa = XCBuildConfiguration;
			buildSettings = {
				ASSETCATALOG_COMPILER_APPICON_NAME = AppIcon;
				ASSETCATALOG_COMPILER_GLOBAL_ACCENT_COLOR_NAME = AccentColor;
				CODE_SIGN_STYLE = Automatic;
				CURRENT_PROJECT_VERSION = 1;
				DEVELOPMENT_TEAM = RMB6QE6U8Z;
				GENERATE_INFOPLIST_FILE = YES;
				INFOPLIST_FILE = gif_project/Info.plist;
				INFOPLIST_KEY_CFBundleDisplayName = "Ios Course";
				INFOPLIST_KEY_UIApplicationSupportsIndirectInputEvents = YES;
				INFOPLIST_KEY_UILaunchStoryboardName = LaunchScreen;
				INFOPLIST_KEY_UIMainStoryboardFile = Main;
				INFOPLIST_KEY_UISupportedInterfaceOrientations_iPad = "UIInterfaceOrientationPortrait UIInterfaceOrientationPortraitUpsideDown UIInterfaceOrientationLandscapeLeft UIInterfaceOrientationLandscapeRight";
				INFOPLIST_KEY_UISupportedInterfaceOrientations_iPhone = "UIInterfaceOrientationPortrait UIInterfaceOrientationLandscapeLeft UIInterfaceOrientationLandscapeRight";
				LD_RUNPATH_SEARCH_PATHS = (
					"$(inherited)",
					"@executable_path/Frameworks",
				);
				MARKETING_VERSION = 1.0;
				PRODUCT_BUNDLE_IDENTIFIER = "br.com.jacksonsmith.gif-project";
				PRODUCT_NAME = "$(TARGET_NAME)";
				SWIFT_EMIT_LOC_STRINGS = YES;
				SWIFT_VERSION = 5.0;
				TARGETED_DEVICE_FAMILY = "1,2";
			};
			name = Debug;
		};
		7AD4FA4B29CF490600BB7AAD /* Release */ = {
			isa = XCBuildConfiguration;
			buildSettings = {
				ASSETCATALOG_COMPILER_APPICON_NAME = AppIcon;
				ASSETCATALOG_COMPILER_GLOBAL_ACCENT_COLOR_NAME = AccentColor;
				CODE_SIGN_STYLE = Automatic;
				CURRENT_PROJECT_VERSION = 1;
				DEVELOPMENT_TEAM = RMB6QE6U8Z;
				GENERATE_INFOPLIST_FILE = YES;
				INFOPLIST_FILE = gif_project/Info.plist;
				INFOPLIST_KEY_CFBundleDisplayName = "Ios Course";
				INFOPLIST_KEY_UIApplicationSupportsIndirectInputEvents = YES;
				INFOPLIST_KEY_UILaunchStoryboardName = LaunchScreen;
				INFOPLIST_KEY_UIMainStoryboardFile = Main;
				INFOPLIST_KEY_UISupportedInterfaceOrientations_iPad = "UIInterfaceOrientationPortrait UIInterfaceOrientationPortraitUpsideDown UIInterfaceOrientationLandscapeLeft UIInterfaceOrientationLandscapeRight";
				INFOPLIST_KEY_UISupportedInterfaceOrientations_iPhone = "UIInterfaceOrientationPortrait UIInterfaceOrientationLandscapeLeft UIInterfaceOrientationLandscapeRight";
				LD_RUNPATH_SEARCH_PATHS = (
					"$(inherited)",
					"@executable_path/Frameworks",
				);
				MARKETING_VERSION = 1.0;
				PRODUCT_BUNDLE_IDENTIFIER = "br.com.jacksonsmith.gif-project";
				PRODUCT_NAME = "$(TARGET_NAME)";
				SWIFT_EMIT_LOC_STRINGS = YES;
				SWIFT_VERSION = 5.0;
				TARGETED_DEVICE_FAMILY = "1,2";
			};
			name = Release;
		};
		7AD4FA7029D0798600BB7AAD /* Debug */ = {
			isa = XCBuildConfiguration;
			buildSettings = {
				BUNDLE_LOADER = "$(TEST_HOST)";
				CODE_SIGN_STYLE = Automatic;
				CURRENT_PROJECT_VERSION = 1;
				DEVELOPMENT_TEAM = RMB6QE6U8Z;
				GENERATE_INFOPLIST_FILE = YES;
				MARKETING_VERSION = 1.0;
				PRODUCT_BUNDLE_IDENTIFIER = "br.com.pucminas.gif-projectTests";
				PRODUCT_NAME = "$(TARGET_NAME)";
				SWIFT_EMIT_LOC_STRINGS = NO;
				SWIFT_VERSION = 5.0;
				TARGETED_DEVICE_FAMILY = "1,2";
				TEST_HOST = "$(BUILT_PRODUCTS_DIR)/gif_project.app/$(BUNDLE_EXECUTABLE_FOLDER_PATH)/gif_project";
			};
			name = Debug;
		};
		7AD4FA7129D0798600BB7AAD /* Release */ = {
			isa = XCBuildConfiguration;
			buildSettings = {
				BUNDLE_LOADER = "$(TEST_HOST)";
				CODE_SIGN_STYLE = Automatic;
				CURRENT_PROJECT_VERSION = 1;
				DEVELOPMENT_TEAM = RMB6QE6U8Z;
				GENERATE_INFOPLIST_FILE = YES;
				MARKETING_VERSION = 1.0;
				PRODUCT_BUNDLE_IDENTIFIER = "br.com.pucminas.gif-projectTests";
				PRODUCT_NAME = "$(TARGET_NAME)";
				SWIFT_EMIT_LOC_STRINGS = NO;
				SWIFT_VERSION = 5.0;
				TARGETED_DEVICE_FAMILY = "1,2";
				TEST_HOST = "$(BUILT_PRODUCTS_DIR)/gif_project.app/$(BUNDLE_EXECUTABLE_FOLDER_PATH)/gif_project";
			};
			name = Release;
		};
		7AD4FA7E29D08A6D00BB7AAD /* Debug */ = {
			isa = XCBuildConfiguration;
			buildSettings = {
				CODE_SIGN_STYLE = Automatic;
				CURRENT_PROJECT_VERSION = 1;
				DEVELOPMENT_TEAM = RMB6QE6U8Z;
				GENERATE_INFOPLIST_FILE = YES;
				MARKETING_VERSION = 1.0;
				PRODUCT_BUNDLE_IDENTIFIER = "br.com.pucminas.gif-projectUITests";
				PRODUCT_NAME = "$(TARGET_NAME)";
				SWIFT_EMIT_LOC_STRINGS = NO;
				SWIFT_VERSION = 5.0;
				TARGETED_DEVICE_FAMILY = "1,2";
				TEST_TARGET_NAME = gif_project;
			};
			name = Debug;
		};
		7AD4FA7F29D08A6D00BB7AAD /* Release */ = {
			isa = XCBuildConfiguration;
			buildSettings = {
				CODE_SIGN_STYLE = Automatic;
				CURRENT_PROJECT_VERSION = 1;
				DEVELOPMENT_TEAM = RMB6QE6U8Z;
				GENERATE_INFOPLIST_FILE = YES;
				MARKETING_VERSION = 1.0;
				PRODUCT_BUNDLE_IDENTIFIER = "br.com.pucminas.gif-projectUITests";
				PRODUCT_NAME = "$(TARGET_NAME)";
				SWIFT_EMIT_LOC_STRINGS = NO;
				SWIFT_VERSION = 5.0;
				TARGETED_DEVICE_FAMILY = "1,2";
				TEST_TARGET_NAME = gif_project;
			};
			name = Release;
		};
/* End XCBuildConfiguration section */

/* Begin XCConfigurationList section */
		7AD4FA3029CF490300BB7AAD /* Build configuration list for PBXProject "gif_project" */ = {
			isa = XCConfigurationList;
			buildConfigurations = (
				7AD4FA4729CF490600BB7AAD /* Debug */,
				7AD4FA4829CF490600BB7AAD /* Release */,
			);
			defaultConfigurationIsVisible = 0;
			defaultConfigurationName = Release;
		};
		7AD4FA4929CF490600BB7AAD /* Build configuration list for PBXNativeTarget "gif_project" */ = {
			isa = XCConfigurationList;
			buildConfigurations = (
				7AD4FA4A29CF490600BB7AAD /* Debug */,
				7AD4FA4B29CF490600BB7AAD /* Release */,
			);
			defaultConfigurationIsVisible = 0;
			defaultConfigurationName = Release;
		};
		7AD4FA6F29D0798600BB7AAD /* Build configuration list for PBXNativeTarget "gif_projectTests" */ = {
			isa = XCConfigurationList;
			buildConfigurations = (
				7AD4FA7029D0798600BB7AAD /* Debug */,
				7AD4FA7129D0798600BB7AAD /* Release */,
			);
			defaultConfigurationIsVisible = 0;
			defaultConfigurationName = Release;
		};
		7AD4FA8029D08A6D00BB7AAD /* Build configuration list for PBXNativeTarget "gif_projectUITests" */ = {
			isa = XCConfigurationList;
			buildConfigurations = (
				7AD4FA7E29D08A6D00BB7AAD /* Debug */,
				7AD4FA7F29D08A6D00BB7AAD /* Release */,
			);
			defaultConfigurationIsVisible = 0;
			defaultConfigurationName = Release;
		};
/* End XCConfigurationList section */
	};
	rootObject = 7AD4FA2D29CF490300BB7AAD /* Project object */;
}
