// !$*UTF8*$!
{
	archiveVersion = 1;
	classes = {
	};
	objectVersion = 56;
	objects = {

/* Begin PBXBuildFile section */
		7AD4FA3929CF490400BB7AAD /* AppDelegate.swift in Sources */ = {isa = PBXBuildFile; fileRef = 7AD4FA3829CF490400BB7AAD /* AppDelegate.swift */; };
		7AD4FA3B29CF490400BB7AAD /* SceneDelegate.swift in Sources */ = {isa = PBXBuildFile; fileRef = 7AD4FA3A29CF490400BB7AAD /* SceneDelegate.swift */; };
		7AD4FA3D29CF490400BB7AAD /* ViewController.swift in Sources */ = {isa = PBXBuildFile; fileRef = 7AD4FA3C29CF490400BB7AAD /* ViewController.swift */; };
		7AD4FA4029CF490400BB7AAD /* Main.storyboard in Resources */ = {isa = PBXBuildFile; fileRef = 7AD4FA3E29CF490400BB7AAD /* Main.storyboard */; };
		7AD4FA4229CF490600BB7AAD /* Assets.xcassets in Resources */ = {isa = PBXBuildFile; fileRef = 7AD4FA4129CF490600BB7AAD /* Assets.xcassets */; };
		7AD4FA4529CF490600BB7AAD /* LaunchScreen.storyboard in Resources */ = {isa = PBXBuildFile; fileRef = 7AD4FA4329CF490600BB7AAD /* LaunchScreen.storyboard */; };
		7AD4FA5929CF52D100BB7AAD /* frame_09_delay-0.1s.gif in Resources */ = {isa = PBXBuildFile; fileRef = 7AD4FA4D29CF52D000BB7AAD /* frame_09_delay-0.1s.gif */; };
		7AD4FA5A29CF52D100BB7AAD /* frame_00_delay-0.1s.gif in Resources */ = {isa = PBXBuildFile; fileRef = 7AD4FA4E29CF52D000BB7AAD /* frame_00_delay-0.1s.gif */; };
		7AD4FA5B29CF52D100BB7AAD /* frame_05_delay-0.1s.gif in Resources */ = {isa = PBXBuildFile; fileRef = 7AD4FA4F29CF52D000BB7AAD /* frame_05_delay-0.1s.gif */; };
		7AD4FA5C29CF52D100BB7AAD /* frame_01_delay-0.1s.gif in Resources */ = {isa = PBXBuildFile; fileRef = 7AD4FA5029CF52D000BB7AAD /* frame_01_delay-0.1s.gif */; };
		7AD4FA5D29CF52D100BB7AAD /* frame_11_delay-0.1s.gif in Resources */ = {isa = PBXBuildFile; fileRef = 7AD4FA5129CF52D000BB7AAD /* frame_11_delay-0.1s.gif */; };
		7AD4FA5E29CF52D100BB7AAD /* frame_04_delay-0.1s.gif in Resources */ = {isa = PBXBuildFile; fileRef = 7AD4FA5229CF52D000BB7AAD /* frame_04_delay-0.1s.gif */; };
		7AD4FA5F29CF52D100BB7AAD /* frame_10_delay-0.1s.gif in Resources */ = {isa = PBXBuildFile; fileRef = 7AD4FA5329CF52D000BB7AAD /* frame_10_delay-0.1s.gif */; };
		7AD4FA6029CF52D100BB7AAD /* frame_07_delay-0.1s.gif in Resources */ = {isa = PBXBuildFile; fileRef = 7AD4FA5429CF52D000BB7AAD /* frame_07_delay-0.1s.gif */; };
		7AD4FA6129CF52D100BB7AAD /* frame_03_delay-0.1s.gif in Resources */ = {isa = PBXBuildFile; fileRef = 7AD4FA5529CF52D000BB7AAD /* frame_03_delay-0.1s.gif */; };
		7AD4FA6229CF52D100BB7AAD /* frame_02_delay-0.1s.gif in Resources */ = {isa = PBXBuildFile; fileRef = 7AD4FA5629CF52D100BB7AAD /* frame_02_delay-0.1s.gif */; };
		7AD4FA6329CF52D100BB7AAD /* frame_06_delay-0.1s.gif in Resources */ = {isa = PBXBuildFile; fileRef = 7AD4FA5729CF52D100BB7AAD /* frame_06_delay-0.1s.gif */; };
		7AD4FA6429CF52D100BB7AAD /* frame_08_delay-0.1s.gif in Resources */ = {isa = PBXBuildFile; fileRef = 7AD4FA5829CF52D100BB7AAD /* frame_08_delay-0.1s.gif */; };
/* End PBXBuildFile section */

/* Begin PBXFileReference section */
		7AD4FA3529CF490300BB7AAD /* gif_project.app */ = {isa = PBXFileReference; explicitFileType = wrapper.application; includeInIndex = 0; path = gif_project.app; sourceTree = BUILT_PRODUCTS_DIR; };
		7AD4FA3829CF490400BB7AAD /* AppDelegate.swift */ = {isa = PBXFileReference; lastKnownFileType = sourcecode.swift; path = AppDelegate.swift; sourceTree = "<group>"; };
		7AD4FA3A29CF490400BB7AAD /* SceneDelegate.swift */ = {isa = PBXFileReference; lastKnownFileType = sourcecode.swift; path = SceneDelegate.swift; sourceTree = "<group>"; };
		7AD4FA3C29CF490400BB7AAD /* ViewController.swift */ = {isa = PBXFileReference; lastKnownFileType = sourcecode.swift; path = ViewController.swift; sourceTree = "<group>"; };
		7AD4FA3F29CF490400BB7AAD /* Base */ = {isa = PBXFileReference; lastKnownFileType = file.storyboard; name = Base; path = Base.lproj/Main.storyboard; sourceTree = "<group>"; };
		7AD4FA4129CF490600BB7AAD /* Assets.xcassets */ = {isa = PBXFileReference; lastKnownFileType = folder.assetcatalog; path = Assets.xcassets; sourceTree = "<group>"; };
		7AD4FA4429CF490600BB7AAD /* Base */ = {isa = PBXFileReference; lastKnownFileType = file.storyboard; name = Base; path = Base.lproj/LaunchScreen.storyboard; sourceTree = "<group>"; };
		7AD4FA4629CF490600BB7AAD /* Info.plist */ = {isa = PBXFileReference; lastKnownFileType = text.plist.xml; path = Info.plist; sourceTree = "<group>"; };
		7AD4FA4D29CF52D000BB7AAD /* frame_09_delay-0.1s.gif */ = {isa = PBXFileReference; lastKnownFileType = image.gif; path = "frame_09_delay-0.1s.gif"; sourceTree = "<group>"; };
		7AD4FA4E29CF52D000BB7AAD /* frame_00_delay-0.1s.gif */ = {isa = PBXFileReference; lastKnownFileType = image.gif; path = "frame_00_delay-0.1s.gif"; sourceTree = "<group>"; };
		7AD4FA4F29CF52D000BB7AAD /* frame_05_delay-0.1s.gif */ = {isa = PBXFileReference; lastKnownFileType = image.gif; path = "frame_05_delay-0.1s.gif"; sourceTree = "<group>"; };
		7AD4FA5029CF52D000BB7AAD /* frame_01_delay-0.1s.gif */ = {isa = PBXFileReference; lastKnownFileType = image.gif; path = "frame_01_delay-0.1s.gif"; sourceTree = "<group>"; };
		7AD4FA5129CF52D000BB7AAD /* frame_11_delay-0.1s.gif */ = {isa = PBXFileReference; lastKnownFileType = image.gif; path = "frame_11_delay-0.1s.gif"; sourceTree = "<group>"; };
		7AD4FA5229CF52D000BB7AAD /* frame_04_delay-0.1s.gif */ = {isa = PBXFileReference; lastKnownFileType = image.gif; path = "frame_04_delay-0.1s.gif"; sourceTree = "<group>"; };
		7AD4FA5329CF52D000BB7AAD /* frame_10_delay-0.1s.gif */ = {isa = PBXFileReference; lastKnownFileType = image.gif; path = "frame_10_delay-0.1s.gif"; sourceTree = "<group>"; };
		7AD4FA5429CF52D000BB7AAD /* frame_07_delay-0.1s.gif */ = {isa = PBXFileReference; lastKnownFileType = image.gif; path = "frame_07_delay-0.1s.gif"; sourceTree = "<group>"; };
		7AD4FA5529CF52D000BB7AAD /* frame_03_delay-0.1s.gif */ = {isa = PBXFileReference; lastKnownFileType = image.gif; path = "frame_03_delay-0.1s.gif"; sourceTree = "<group>"; };
		7AD4FA5629CF52D100BB7AAD /* frame_02_delay-0.1s.gif */ = {isa = PBXFileReference; lastKnownFileType = image.gif; path = "frame_02_delay-0.1s.gif"; sourceTree = "<group>"; };
		7AD4FA5729CF52D100BB7AAD /* frame_06_delay-0.1s.gif */ = {isa = PBXFileReference; lastKnownFileType = image.gif; path = "frame_06_delay-0.1s.gif"; sourceTree = "<group>"; };
		7AD4FA5829CF52D100BB7AAD /* frame_08_delay-0.1s.gif */ = {isa = PBXFileReference; lastKnownFileType = image.gif; path = "frame_08_delay-0.1s.gif"; sourceTree = "<group>"; };
/* End PBXFileReference section */

/* Begin PBXFrameworksBuildPhase section */
		7AD4FA3229CF490300BB7AAD /* Frameworks */ = {
			isa = PBXFrameworksBuildPhase;
			buildActionMask = 2147483647;
			files = (
			);
			runOnlyForDeploymentPostprocessing = 0;
		};
/* End PBXFrameworksBuildPhase section */

/* Begin PBXGroup section */
		7AD4FA2C29CF490300BB7AAD = {
			isa = PBXGroup;
			children = (
				7AD4FA3729CF490300BB7AAD /* gif_project */,
				7AD4FA3629CF490300BB7AAD /* Products */,
			);
			sourceTree = "<group>";
		};
		7AD4FA3629CF490300BB7AAD /* Products */ = {
			isa = PBXGroup;
			children = (
				7AD4FA3529CF490300BB7AAD /* gif_project.app */,
			);
			name = Products;
			sourceTree = "<group>";
		};
		7AD4FA3729CF490300BB7AAD /* gif_project */ = {
			isa = PBXGroup;
			children = (
				7AD4FA4C29CF52C200BB7AAD /* image */,
				7AD4FA3829CF490400BB7AAD /* AppDelegate.swift */,
				7AD4FA3A29CF490400BB7AAD /* SceneDelegate.swift */,
				7AD4FA3C29CF490400BB7AAD /* ViewController.swift */,
				7AD4FA3E29CF490400BB7AAD /* Main.storyboard */,
				7AD4FA4129CF490600BB7AAD /* Assets.xcassets */,
				7AD4FA4329CF490600BB7AAD /* LaunchScreen.storyboard */,
				7AD4FA4629CF490600BB7AAD /* Info.plist */,
			);
			path = gif_project;
			sourceTree = "<group>";
		};
		7AD4FA4C29CF52C200BB7AAD /* image */ = {
			isa = PBXGroup;
			children = (
				7AD4FA4E29CF52D000BB7AAD /* frame_00_delay-0.1s.gif */,
				7AD4FA5029CF52D000BB7AAD /* frame_01_delay-0.1s.gif */,
				7AD4FA5629CF52D100BB7AAD /* frame_02_delay-0.1s.gif */,
				7AD4FA5529CF52D000BB7AAD /* frame_03_delay-0.1s.gif */,
				7AD4FA5229CF52D000BB7AAD /* frame_04_delay-0.1s.gif */,
				7AD4FA4F29CF52D000BB7AAD /* frame_05_delay-0.1s.gif */,
				7AD4FA5729CF52D100BB7AAD /* frame_06_delay-0.1s.gif */,
				7AD4FA5429CF52D000BB7AAD /* frame_07_delay-0.1s.gif */,
				7AD4FA5829CF52D100BB7AAD /* frame_08_delay-0.1s.gif */,
				7AD4FA4D29CF52D000BB7AAD /* frame_09_delay-0.1s.gif */,
				7AD4FA5329CF52D000BB7AAD /* frame_10_delay-0.1s.gif */,
				7AD4FA5129CF52D000BB7AAD /* frame_11_delay-0.1s.gif */,
			);
			path = image;
			sourceTree = "<group>";
		};
/* End PBXGroup section */

/* Begin PBXNativeTarget section */
		7AD4FA3429CF490300BB7AAD /* gif_project */ = {
			isa = PBXNativeTarget;
			buildConfigurationList = 7AD4FA4929CF490600BB7AAD /* Build configuration list for PBXNativeTarget "gif_project" */;
			buildPhases = (
				7AD4FA3129CF490300BB7AAD /* Sources */,
				7AD4FA3229CF490300BB7AAD /* Frameworks */,
				7AD4FA3329CF490300BB7AAD /* Resources */,
			);
			buildRules = (
			);
			dependencies = (
			);
			name = gif_project;
			productName = gif_project;
			productReference = 7AD4FA3529CF490300BB7AAD /* gif_project.app */;
			productType = "com.apple.product-type.application";
		};
/* End PBXNativeTarget section */

/* Begin PBXProject section */
		7AD4FA2D29CF490300BB7AAD /* Project object */ = {
			isa = PBXProject;
			attributes = {
				BuildIndependentTargetsInParallel = 1;
				LastSwiftUpdateCheck = 1400;
				LastUpgradeCheck = 1400;
				TargetAttributes = {
					7AD4FA3429CF490300BB7AAD = {
						CreatedOnToolsVersion = 14.0.1;
					};
				};
			};
			buildConfigurationList = 7AD4FA3029CF490300BB7AAD /* Build configuration list for PBXProject "gif_project" */;
			compatibilityVersion = "Xcode 14.0";
			developmentRegion = en;
			hasScannedForEncodings = 0;
			knownRegions = (
				en,
				Base,
			);
			mainGroup = 7AD4FA2C29CF490300BB7AAD;
			productRefGroup = 7AD4FA3629CF490300BB7AAD /* Products */;
			projectDirPath = "";
			projectRoot = "";
			targets = (
				7AD4FA3429CF490300BB7AAD /* gif_project */,
			);
		};
/* End PBXProject section */

/* Begin PBXResourcesBuildPhase section */
		7AD4FA3329CF490300BB7AAD /* Resources */ = {
			isa = PBXResourcesBuildPhase;
			buildActionMask = 2147483647;
			files = (
				7AD4FA6329CF52D100BB7AAD /* frame_06_delay-0.1s.gif in Resources */,
				7AD4FA6229CF52D100BB7AAD /* frame_02_delay-0.1s.gif in Resources */,
				7AD4FA6029CF52D100BB7AAD /* frame_07_delay-0.1s.gif in Resources */,
				7AD4FA4529CF490600BB7AAD /* LaunchScreen.storyboard in Resources */,
				7AD4FA6429CF52D100BB7AAD /* frame_08_delay-0.1s.gif in Resources */,
				7AD4FA5B29CF52D100BB7AAD /* frame_05_delay-0.1s.gif in Resources */,
				7AD4FA5E29CF52D100BB7AAD /* frame_04_delay-0.1s.gif in Resources */,
				7AD4FA5F29CF52D100BB7AAD /* frame_10_delay-0.1s.gif in Resources */,
				7AD4FA5A29CF52D100BB7AAD /* frame_00_delay-0.1s.gif in Resources */,
				7AD4FA4229CF490600BB7AAD /* Assets.xcassets in Resources */,
				7AD4FA5D29CF52D100BB7AAD /* frame_11_delay-0.1s.gif in Resources */,
				7AD4FA4029CF490400BB7AAD /* Main.storyboard in Resources */,
				7AD4FA6129CF52D100BB7AAD /* frame_03_delay-0.1s.gif in Resources */,
				7AD4FA5C29CF52D100BB7AAD /* frame_01_delay-0.1s.gif in Resources */,
				7AD4FA5929CF52D100BB7AAD /* frame_09_delay-0.1s.gif in Resources */,
			);
			runOnlyForDeploymentPostprocessing = 0;
		};
/* End PBXResourcesBuildPhase section */

/* Begin PBXSourcesBuildPhase section */
		7AD4FA3129CF490300BB7AAD /* Sources */ = {
			isa = PBXSourcesBuildPhase;
			buildActionMask = 2147483647;
			files = (
				7AD4FA3D29CF490400BB7AAD /* ViewController.swift in Sources */,
				7AD4FA3929CF490400BB7AAD /* AppDelegate.swift in Sources */,
				7AD4FA3B29CF490400BB7AAD /* SceneDelegate.swift in Sources */,
			);
			runOnlyForDeploymentPostprocessing = 0;
		};
/* End PBXSourcesBuildPhase section */

/* Begin PBXVariantGroup section */
		7AD4FA3E29CF490400BB7AAD /* Main.storyboard */ = {
			isa = PBXVariantGroup;
			children = (
				7AD4FA3F29CF490400BB7AAD /* Base */,
			);
			name = Main.storyboard;
			sourceTree = "<group>";
		};
		7AD4FA4329CF490600BB7AAD /* LaunchScreen.storyboard */ = {
			isa = PBXVariantGroup;
			children = (
				7AD4FA4429CF490600BB7AAD /* Base */,
			);
			name = LaunchScreen.storyboard;
			sourceTree = "<group>";
		};
/* End PBXVariantGroup section */

/* Begin XCBuildConfiguration section */
		7AD4FA4729CF490600BB7AAD /* Debug */ = {
			isa = XCBuildConfiguration;
			buildSettings = {
				ALWAYS_SEARCH_USER_PATHS = NO;
				CLANG_ANALYZER_NONNULL = YES;
				CLANG_ANALYZER_NUMBER_OBJECT_CONVERSION = YES_AGGRESSIVE;
				CLANG_CXX_LANGUAGE_STANDARD = "gnu++20";
				CLANG_ENABLE_MODULES = YES;
				CLANG_ENABLE_OBJC_ARC = YES;
				CLANG_ENABLE_OBJC_WEAK = YES;
				CLANG_WARN_BLOCK_CAPTURE_AUTORELEASING = YES;
				CLANG_WARN_BOOL_CONVERSION = YES;
				CLANG_WARN_COMMA = YES;
				CLANG_WARN_CONSTANT_CONVERSION = YES;
				CLANG_WARN_DEPRECATED_OBJC_IMPLEMENTATIONS = YES;
				CLANG_WARN_DIRECT_OBJC_ISA_USAGE = YES_ERROR;
				CLANG_WARN_DOCUMENTATION_COMMENTS = YES;
				CLANG_WARN_EMPTY_BODY = YES;
				CLANG_WARN_ENUM_CONVERSION = YES;
				CLANG_WARN_INFINITE_RECURSION = YES;
				CLANG_WARN_INT_CONVERSION = YES;
				CLANG_WARN_NON_LITERAL_NULL_CONVERSION = YES;
				CLANG_WARN_OBJC_IMPLICIT_RETAIN_SELF = YES;
				CLANG_WARN_OBJC_LITERAL_CONVERSION = YES;
				CLANG_WARN_OBJC_ROOT_CLASS = YES_ERROR;
				CLANG_WARN_QUOTED_INCLUDE_IN_FRAMEWORK_HEADER = YES;
				CLANG_WARN_RANGE_LOOP_ANALYSIS = YES;
				CLANG_WARN_STRICT_PROTOTYPES = YES;
				CLANG_WARN_SUSPICIOUS_MOVE = YES;
				CLANG_WARN_UNGUARDED_AVAILABILITY = YES_AGGRESSIVE;
				CLANG_WARN_UNREACHABLE_CODE = YES;
				CLANG_WARN__DUPLICATE_METHOD_MATCH = YES;
				COPY_PHASE_STRIP = NO;
				DEBUG_INFORMATION_FORMAT = dwarf;
				ENABLE_STRICT_OBJC_MSGSEND = YES;
				ENABLE_TESTABILITY = YES;
				GCC_C_LANGUAGE_STANDARD = gnu11;
				GCC_DYNAMIC_NO_PIC = NO;
				GCC_NO_COMMON_BLOCKS = YES;
				GCC_OPTIMIZATION_LEVEL = 0;
				GCC_PREPROCESSOR_DEFINITIONS = (
					"DEBUG=1",
					"$(inherited)",
				);
				GCC_WARN_64_TO_32_BIT_CONVERSION = YES;
				GCC_WARN_ABOUT_RETURN_TYPE = YES_ERROR;
				GCC_WARN_UNDECLARED_SELECTOR = YES;
				GCC_WARN_UNINITIALIZED_AUTOS = YES_AGGRESSIVE;
				GCC_WARN_UNUSED_FUNCTION = YES;
				GCC_WARN_UNUSED_VARIABLE = YES;
				IPHONEOS_DEPLOYMENT_TARGET = 16.0;
				MTL_ENABLE_DEBUG_INFO = INCLUDE_SOURCE;
				MTL_FAST_MATH = YES;
				ONLY_ACTIVE_ARCH = YES;
				SDKROOT = iphoneos;
				SWIFT_ACTIVE_COMPILATION_CONDITIONS = DEBUG;
				SWIFT_OPTIMIZATION_LEVEL = "-Onone";
			};
			name = Debug;
		};
		7AD4FA4829CF490600BB7AAD /* Release */ = {
			isa = XCBuildConfiguration;
			buildSettings = {
				ALWAYS_SEARCH_USER_PATHS = NO;
				CLANG_ANALYZER_NONNULL = YES;
				CLANG_ANALYZER_NUMBER_OBJECT_CONVERSION = YES_AGGRESSIVE;
				CLANG_CXX_LANGUAGE_STANDARD = "gnu++20";
				CLANG_ENABLE_MODULES = YES;
				CLANG_ENABLE_OBJC_ARC = YES;
				CLANG_ENABLE_OBJC_WEAK = YES;
				CLANG_WARN_BLOCK_CAPTURE_AUTORELEASING = YES;
				CLANG_WARN_BOOL_CONVERSION = YES;
				CLANG_WARN_COMMA = YES;
				CLANG_WARN_CONSTANT_CONVERSION = YES;
				CLANG_WARN_DEPRECATED_OBJC_IMPLEMENTATIONS = YES;
				CLANG_WARN_DIRECT_OBJC_ISA_USAGE = YES_ERROR;
				CLANG_WARN_DOCUMENTATION_COMMENTS = YES;
				CLANG_WARN_EMPTY_BODY = YES;
				CLANG_WARN_ENUM_CONVERSION = YES;
				CLANG_WARN_INFINITE_RECURSION = YES;
				CLANG_WARN_INT_CONVERSION = YES;
				CLANG_WARN_NON_LITERAL_NULL_CONVERSION = YES;
				CLANG_WARN_OBJC_IMPLICIT_RETAIN_SELF = YES;
				CLANG_WARN_OBJC_LITERAL_CONVERSION = YES;
				CLANG_WARN_OBJC_ROOT_CLASS = YES_ERROR;
				CLANG_WARN_QUOTED_INCLUDE_IN_FRAMEWORK_HEADER = YES;
				CLANG_WARN_RANGE_LOOP_ANALYSIS = YES;
				CLANG_WARN_STRICT_PROTOTYPES = YES;
				CLANG_WARN_SUSPICIOUS_MOVE = YES;
				CLANG_WARN_UNGUARDED_AVAILABILITY = YES_AGGRESSIVE;
				CLANG_WARN_UNREACHABLE_CODE = YES;
				CLANG_WARN__DUPLICATE_METHOD_MATCH = YES;
				COPY_PHASE_STRIP = NO;
				DEBUG_INFORMATION_FORMAT = "dwarf-with-dsym";
				ENABLE_NS_ASSERTIONS = NO;
				ENABLE_STRICT_OBJC_MSGSEND = YES;
				GCC_C_LANGUAGE_STANDARD = gnu11;
				GCC_NO_COMMON_BLOCKS = YES;
				GCC_WARN_64_TO_32_BIT_CONVERSION = YES;
				GCC_WARN_ABOUT_RETURN_TYPE = YES_ERROR;
				GCC_WARN_UNDECLARED_SELECTOR = YES;
				GCC_WARN_UNINITIALIZED_AUTOS = YES_AGGRESSIVE;
				GCC_WARN_UNUSED_FUNCTION = YES;
				GCC_WARN_UNUSED_VARIABLE = YES;
				IPHONEOS_DEPLOYMENT_TARGET = 16.0;
				MTL_ENABLE_DEBUG_INFO = NO;
				MTL_FAST_MATH = YES;
				SDKROOT = iphoneos;
				SWIFT_COMPILATION_MODE = wholemodule;
				SWIFT_OPTIMIZATION_LEVEL = "-O";
				VALIDATE_PRODUCT = YES;
			};
			name = Release;
		};
		7AD4FA4A29CF490600BB7AAD /* Debug */ = {
			isa = XCBuildConfiguration;
			buildSettings = {
				ASSETCATALOG_COMPILER_APPICON_NAME = AppIcon;
				ASSETCATALOG_COMPILER_GLOBAL_ACCENT_COLOR_NAME = AccentColor;
				CODE_SIGN_STYLE = Automatic;
				CURRENT_PROJECT_VERSION = 1;
				DEVELOPMENT_TEAM = RMB6QE6U8Z;
				GENERATE_INFOPLIST_FILE = YES;
				INFOPLIST_FILE = gif_project/Info.plist;
				INFOPLIST_KEY_CFBundleDisplayName = "Ios Course";
				INFOPLIST_KEY_UIApplicationSupportsIndirectInputEvents = YES;
				INFOPLIST_KEY_UILaunchStoryboardName = LaunchScreen;
				INFOPLIST_KEY_UIMainStoryboardFile = Main;
				INFOPLIST_KEY_UISupportedInterfaceOrientations_iPad = "UIInterfaceOrientationPortrait UIInterfaceOrientationPortraitUpsideDown UIInterfaceOrientationLandscapeLeft UIInterfaceOrientationLandscapeRight";
				INFOPLIST_KEY_UISupportedInterfaceOrientations_iPhone = "UIInterfaceOrientationPortrait UIInterfaceOrientationLandscapeLeft UIInterfaceOrientationLandscapeRight";
				LD_RUNPATH_SEARCH_PATHS = (
					"$(inherited)",
					"@executable_path/Frameworks",
				);
				MARKETING_VERSION = 1.0;
				PRODUCT_BUNDLE_IDENTIFIER = "br.com.jacksonsmith.gif-project";
				PRODUCT_NAME = "$(TARGET_NAME)";
				SWIFT_EMIT_LOC_STRINGS = YES;
				SWIFT_VERSION = 5.0;
				TARGETED_DEVICE_FAMILY = "1,2";
			};
			name = Debug;
		};
		7AD4FA4B29CF490600BB7AAD /* Release */ = {
			isa = XCBuildConfiguration;
			buildSettings = {
				ASSETCATALOG_COMPILER_APPICON_NAME = AppIcon;
				ASSETCATALOG_COMPILER_GLOBAL_ACCENT_COLOR_NAME = AccentColor;
				CODE_SIGN_STYLE = Automatic;
				CURRENT_PROJECT_VERSION = 1;
				DEVELOPMENT_TEAM = RMB6QE6U8Z;
				GENERATE_INFOPLIST_FILE = YES;
				INFOPLIST_FILE = gif_project/Info.plist;
				INFOPLIST_KEY_CFBundleDisplayName = "Ios Course";
				INFOPLIST_KEY_UIApplicationSupportsIndirectInputEvents = YES;
				INFOPLIST_KEY_UILaunchStoryboardName = LaunchScreen;
				INFOPLIST_KEY_UIMainStoryboardFile = Main;
				INFOPLIST_KEY_UISupportedInterfaceOrientations_iPad = "UIInterfaceOrientationPortrait UIInterfaceOrientationPortraitUpsideDown UIInterfaceOrientationLandscapeLeft UIInterfaceOrientationLandscapeRight";
				INFOPLIST_KEY_UISupportedInterfaceOrientations_iPhone = "UIInterfaceOrientationPortrait UIInterfaceOrientationLandscapeLeft UIInterfaceOrientationLandscapeRight";
				LD_RUNPATH_SEARCH_PATHS = (
					"$(inherited)",
					"@executable_path/Frameworks",
				);
				MARKETING_VERSION = 1.0;
				PRODUCT_BUNDLE_IDENTIFIER = "br.com.jacksonsmith.gif-project";
				PRODUCT_NAME = "$(TARGET_NAME)";
				SWIFT_EMIT_LOC_STRINGS = YES;
				SWIFT_VERSION = 5.0;
				TARGETED_DEVICE_FAMILY = "1,2";
			};
			name = Release;
		};
/* End XCBuildConfiguration section */

/* Begin XCConfigurationList section */
		7AD4FA3029CF490300BB7AAD /* Build configuration list for PBXProject "gif_project" */ = {
			isa = XCConfigurationList;
			buildConfigurations = (
				7AD4FA4729CF490600BB7AAD /* Debug */,
				7AD4FA4829CF490600BB7AAD /* Release */,
			);
			defaultConfigurationIsVisible = 0;
			defaultConfigurationName = Release;
		};
		7AD4FA4929CF490600BB7AAD /* Build configuration list for PBXNativeTarget "gif_project" */ = {
			isa = XCConfigurationList;
			buildConfigurations = (
				7AD4FA4A29CF490600BB7AAD /* Debug */,
				7AD4FA4B29CF490600BB7AAD /* Release */,
			);
			defaultConfigurationIsVisible = 0;
			defaultConfigurationName = Release;
		};
/* End XCConfigurationList section */
	};
	rootObject = 7AD4FA2D29CF490300BB7AAD /* Project object */;
}
